
Microsoft Visual Studio Solution File, Format Version 12.00
# Visual Studio 15
VisualStudioVersion = 15.0.26124.0
MinimumVisualStudioVersion = 15.0.26124.0
Project("{2150E333-8FDC-42A3-9474-1A3956D46DE8}") = "src", "src", "{FD22B03C-0A62-476C-B641-09BBCA49A360}"
EndProject
Project("{9A19103F-16F7-4668-BE54-9A1E7A4F7556}") = "ForecastWeather.Core", "src\ForecastWeather.Core\ForecastWeather.Core.csproj", "{7058B08F-2CD7-4008-9ADB-CB1DB10BECC0}"
EndProject
Project("{9A19103F-16F7-4668-BE54-9A1E7A4F7556}") = "ForecastWeather.WebApi", "src\ForecastWeather.WebApi\ForecastWeather.WebApi.csproj", "{91A8BCF4-394E-4BBC-978D-777E6BC79144}"
EndProject
Project("{2150E333-8FDC-42A3-9474-1A3956D46DE8}") = "tests", "tests", "{E010FE8F-6640-4C7D-A6B5-1F087C6F2769}"
EndProject
Project("{FAE04EC0-301F-11D3-BF4B-00C04F79EFBC}") = "ForecastWeather.Tests", "tests\ForecastWeather.Tests\ForecastWeather.Tests.csproj", "{0B04BA6E-E73F-4FEE-82B2-358790D4A536}"
EndProject
Global
	GlobalSection(SolutionConfigurationPlatforms) = preSolution
		Debug|Any CPU = Debug|Any CPU
		Debug|x64 = Debug|x64
		Debug|x86 = Debug|x86
		Release|Any CPU = Release|Any CPU
		Release|x64 = Release|x64
		Release|x86 = Release|x86
	EndGlobalSection
	GlobalSection(ProjectConfigurationPlatforms) = postSolution
		{7058B08F-2CD7-4008-9ADB-CB1DB10BECC0}.Debug|Any CPU.ActiveCfg = Debug|Any CPU
		{7058B08F-2CD7-4008-9ADB-CB1DB10BECC0}.Debug|Any CPU.Build.0 = Debug|Any CPU
		{7058B08F-2CD7-4008-9ADB-CB1DB10BECC0}.Debug|x64.ActiveCfg = Debug|Any CPU
		{7058B08F-2CD7-4008-9ADB-CB1DB10BECC0}.Debug|x64.Build.0 = Debug|Any CPU
		{7058B08F-2CD7-4008-9ADB-CB1DB10BECC0}.Debug|x86.ActiveCfg = Debug|Any CPU
		{7058B08F-2CD7-4008-9ADB-CB1DB10BECC0}.Debug|x86.Build.0 = Debug|Any CPU
		{7058B08F-2CD7-4008-9ADB-CB1DB10BECC0}.Release|Any CPU.ActiveCfg = Release|Any CPU
		{7058B08F-2CD7-4008-9ADB-CB1DB10BECC0}.Release|Any CPU.Build.0 = Release|Any CPU
		{7058B08F-2CD7-4008-9ADB-CB1DB10BECC0}.Release|x64.ActiveCfg = Release|Any CPU
		{7058B08F-2CD7-4008-9ADB-CB1DB10BECC0}.Release|x64.Build.0 = Release|Any CPU
		{7058B08F-2CD7-4008-9ADB-CB1DB10BECC0}.Release|x86.ActiveCfg = Release|Any CPU
		{7058B08F-2CD7-4008-9ADB-CB1DB10BECC0}.Release|x86.Build.0 = Release|Any CPU
		{91A8BCF4-394E-4BBC-978D-777E6BC79144}.Debug|Any CPU.ActiveCfg = Debug|Any CPU
		{91A8BCF4-394E-4BBC-978D-777E6BC79144}.Debug|Any CPU.Build.0 = Debug|Any CPU
		{91A8BCF4-394E-4BBC-978D-777E6BC79144}.Debug|x64.ActiveCfg = Debug|Any CPU
		{91A8BCF4-394E-4BBC-978D-777E6BC79144}.Debug|x64.Build.0 = Debug|Any CPU
		{91A8BCF4-394E-4BBC-978D-777E6BC79144}.Debug|x86.ActiveCfg = Debug|Any CPU
		{91A8BCF4-394E-4BBC-978D-777E6BC79144}.Debug|x86.Build.0 = Debug|Any CPU
		{91A8BCF4-394E-4BBC-978D-777E6BC79144}.Release|Any CPU.ActiveCfg = Release|Any CPU
		{91A8BCF4-394E-4BBC-978D-777E6BC79144}.Release|Any CPU.Build.0 = Release|Any CPU
		{91A8BCF4-394E-4BBC-978D-777E6BC79144}.Release|x64.ActiveCfg = Release|Any CPU
		{91A8BCF4-394E-4BBC-978D-777E6BC79144}.Release|x64.Build.0 = Release|Any CPU
		{91A8BCF4-394E-4BBC-978D-777E6BC79144}.Release|x86.ActiveCfg = Release|Any CPU
		{91A8BCF4-394E-4BBC-978D-777E6BC79144}.Release|x86.Build.0 = Release|Any CPU
		{0B04BA6E-E73F-4FEE-82B2-358790D4A536}.Debug|Any CPU.ActiveCfg = Debug|Any CPU
		{0B04BA6E-E73F-4FEE-82B2-358790D4A536}.Debug|Any CPU.Build.0 = Debug|Any CPU
		{0B04BA6E-E73F-4FEE-82B2-358790D4A536}.Debug|x64.ActiveCfg = Debug|Any CPU
		{0B04BA6E-E73F-4FEE-82B2-358790D4A536}.Debug|x64.Build.0 = Debug|Any CPU
		{0B04BA6E-E73F-4FEE-82B2-358790D4A536}.Debug|x86.ActiveCfg = Debug|Any CPU
		{0B04BA6E-E73F-4FEE-82B2-358790D4A536}.Debug|x86.Build.0 = Debug|Any CPU
		{0B04BA6E-E73F-4FEE-82B2-358790D4A536}.Release|Any CPU.ActiveCfg = Release|Any CPU
		{0B04BA6E-E73F-4FEE-82B2-358790D4A536}.Release|Any CPU.Build.0 = Release|Any CPU
		{0B04BA6E-E73F-4FEE-82B2-358790D4A536}.Release|x64.ActiveCfg = Release|Any CPU
		{0B04BA6E-E73F-4FEE-82B2-358790D4A536}.Release|x64.Build.0 = Release|Any CPU
		{0B04BA6E-E73F-4FEE-82B2-358790D4A536}.Release|x86.ActiveCfg = Release|Any CPU
		{0B04BA6E-E73F-4FEE-82B2-358790D4A536}.Release|x86.Build.0 = Release|Any CPU
	EndGlobalSection
	GlobalSection(SolutionProperties) = preSolution
		HideSolutionNode = FALSE
	EndGlobalSection
	GlobalSection(NestedProjects) = preSolution
		{7058B08F-2CD7-4008-9ADB-CB1DB10BECC0} = {FD22B03C-0A62-476C-B641-09BBCA49A360}
		{91A8BCF4-394E-4BBC-978D-777E6BC79144} = {FD22B03C-0A62-476C-B641-09BBCA49A360}
		{0B04BA6E-E73F-4FEE-82B2-358790D4A536} = {E010FE8F-6640-4C7D-A6B5-1F087C6F2769}
	EndGlobalSection
	GlobalSection(ExtensibilityGlobals) = postSolution
		SolutionGuid = {83CAC7C6-28ED-4200-967E-0490845E818E}
	EndGlobalSection
EndGlobal
